// !$*UTF8*$!
{
	archiveVersion = 1;
	classes = {
	};
	objectVersion = 55;
	objects = {

/* Begin PBXBuildFile section */
		29AA36AB275571E0000647A0 /* NotificationService.swift in Sources */ = {isa = PBXBuildFile; fileRef = 29AA36AA275571E0000647A0 /* NotificationService.swift */; };
		29AA36AF275571E0000647A0 /* PsiphonNotificationExtension.appex in Embed App Extensions */ = {isa = PBXBuildFile; fileRef = 29AA36A8275571E0000647A0 /* PsiphonNotificationExtension.appex */; settings = {ATTRIBUTES = (RemoveHeadersOnCopy, ); }; };
		29AA36B527557482000647A0 /* psiphon-embedded-server-entries.txt in Resources */ = {isa = PBXBuildFile; fileRef = 29AA36B327557481000647A0 /* psiphon-embedded-server-entries.txt */; };
		29AA36B627557482000647A0 /* psiphon-config.json in Resources */ = {isa = PBXBuildFile; fileRef = 29AA36B427557481000647A0 /* psiphon-config.json */; };
		29AA36B727557702000647A0 /* PsiphonTunnel.xcframework in Frameworks */ = {isa = PBXBuildFile; fileRef = 29AA369D2755670A000647A0 /* PsiphonTunnel.xcframework */; };
		29C564A12757CF5F0021A7BD /* Utils.swift in Sources */ = {isa = PBXBuildFile; fileRef = 29C564A02757CF5F0021A7BD /* Utils.swift */; };
		29C564A22757CF5F0021A7BD /* Utils.swift in Sources */ = {isa = PBXBuildFile; fileRef = 29C564A02757CF5F0021A7BD /* Utils.swift */; };
		29C564A32757D1770021A7BD /* psiphon-config.json in Resources */ = {isa = PBXBuildFile; fileRef = 29AA36B427557481000647A0 /* psiphon-config.json */; };
		29C564A42757D1790021A7BD /* psiphon-embedded-server-entries.txt in Resources */ = {isa = PBXBuildFile; fileRef = 29AA36B327557481000647A0 /* psiphon-embedded-server-entries.txt */; };
		29C564A62757D7410021A7BD /* PsiphonConfig.swift in Sources */ = {isa = PBXBuildFile; fileRef = 29C564A52757D7410021A7BD /* PsiphonConfig.swift */; };
		29C564A72757D7410021A7BD /* PsiphonConfig.swift in Sources */ = {isa = PBXBuildFile; fileRef = 29C564A52757D7410021A7BD /* PsiphonConfig.swift */; };
		29C564A92757D7F60021A7BD /* Requests.swift in Sources */ = {isa = PBXBuildFile; fileRef = 29C564A82757D7F60021A7BD /* Requests.swift */; };
		29C564AA2757D7F60021A7BD /* Requests.swift in Sources */ = {isa = PBXBuildFile; fileRef = 29C564A82757D7F60021A7BD /* Requests.swift */; };
		29C564AB2757DFEB0021A7BD /* PsiphonTunnel.xcframework in Frameworks */ = {isa = PBXBuildFile; fileRef = 29AA369D2755670A000647A0 /* PsiphonTunnel.xcframework */; };
		29C564AC2757DFEB0021A7BD /* PsiphonTunnel.xcframework in Embed Frameworks */ = {isa = PBXBuildFile; fileRef = 29AA369D2755670A000647A0 /* PsiphonTunnel.xcframework */; settings = {ATTRIBUTES = (CodeSignOnCopy, RemoveHeadersOnCopy, ); }; };
		29C625DA27553EC5000DF7C3 /* AppDelegate.swift in Sources */ = {isa = PBXBuildFile; fileRef = 29C625D927553EC5000DF7C3 /* AppDelegate.swift */; };
		29C625DC27553EC5000DF7C3 /* SceneDelegate.swift in Sources */ = {isa = PBXBuildFile; fileRef = 29C625DB27553EC5000DF7C3 /* SceneDelegate.swift */; };
		29C625DE27553EC5000DF7C3 /* ViewController.swift in Sources */ = {isa = PBXBuildFile; fileRef = 29C625DD27553EC5000DF7C3 /* ViewController.swift */; };
		29C625E127553EC5000DF7C3 /* Main.storyboard in Resources */ = {isa = PBXBuildFile; fileRef = 29C625DF27553EC5000DF7C3 /* Main.storyboard */; };
		29C625E327553EC6000DF7C3 /* Assets.xcassets in Resources */ = {isa = PBXBuildFile; fileRef = 29C625E227553EC6000DF7C3 /* Assets.xcassets */; };
		29C625E627553EC6000DF7C3 /* LaunchScreen.storyboard in Resources */ = {isa = PBXBuildFile; fileRef = 29C625E427553EC6000DF7C3 /* LaunchScreen.storyboard */; };
/* End PBXBuildFile section */

/* Begin PBXContainerItemProxy section */
		29AA36AD275571E0000647A0 /* PBXContainerItemProxy */ = {
			isa = PBXContainerItemProxy;
			containerPortal = 29C625CE27553EC5000DF7C3 /* Project object */;
			proxyType = 1;
			remoteGlobalIDString = 29AA36A7275571E0000647A0;
			remoteInfo = PsiphonNotificationExtension;
		};
/* End PBXContainerItemProxy section */

/* Begin PBXCopyFilesBuildPhase section */
		29C564AD2757DFEB0021A7BD /* Embed Frameworks */ = {
			isa = PBXCopyFilesBuildPhase;
			buildActionMask = 2147483647;
			dstPath = "";
			dstSubfolderSpec = 10;
			files = (
				29C564AC2757DFEB0021A7BD /* PsiphonTunnel.xcframework in Embed Frameworks */,
			);
			name = "Embed Frameworks";
			runOnlyForDeploymentPostprocessing = 0;
		};
		29C625FD275540BE000DF7C3 /* Embed App Extensions */ = {
			isa = PBXCopyFilesBuildPhase;
			buildActionMask = 2147483647;
			dstPath = "";
			dstSubfolderSpec = 13;
			files = (
				29AA36AF275571E0000647A0 /* PsiphonNotificationExtension.appex in Embed App Extensions */,
			);
			name = "Embed App Extensions";
			runOnlyForDeploymentPostprocessing = 0;
		};
/* End PBXCopyFilesBuildPhase section */

/* Begin PBXFileReference section */
		29AA369D2755670A000647A0 /* PsiphonTunnel.xcframework */ = {isa = PBXFileReference; lastKnownFileType = wrapper.xcframework; path = PsiphonTunnel.xcframework; sourceTree = "<group>"; };
		29AA36A8275571E0000647A0 /* PsiphonNotificationExtension.appex */ = {isa = PBXFileReference; explicitFileType = "wrapper.app-extension"; includeInIndex = 0; path = PsiphonNotificationExtension.appex; sourceTree = BUILT_PRODUCTS_DIR; };
		29AA36AA275571E0000647A0 /* NotificationService.swift */ = {isa = PBXFileReference; lastKnownFileType = sourcecode.swift; path = NotificationService.swift; sourceTree = "<group>"; };
		29AA36AC275571E0000647A0 /* Info.plist */ = {isa = PBXFileReference; lastKnownFileType = text.plist.xml; path = Info.plist; sourceTree = "<group>"; };
		29AA36B327557481000647A0 /* psiphon-embedded-server-entries.txt */ = {isa = PBXFileReference; fileEncoding = 4; lastKnownFileType = text; name = "psiphon-embedded-server-entries.txt"; path = "Shared/psiphon-embedded-server-entries.txt"; sourceTree = SOURCE_ROOT; };
		29AA36B427557481000647A0 /* psiphon-config.json */ = {isa = PBXFileReference; fileEncoding = 4; lastKnownFileType = text.json; name = "psiphon-config.json"; path = "Shared/psiphon-config.json"; sourceTree = SOURCE_ROOT; };
		29AA36BA27557770000647A0 /* PsiphonNotificationExtension-Bridging-Header.h */ = {isa = PBXFileReference; lastKnownFileType = sourcecode.c.h; path = "PsiphonNotificationExtension-Bridging-Header.h"; sourceTree = "<group>"; };
		29C564A02757CF5F0021A7BD /* Utils.swift */ = {isa = PBXFileReference; lastKnownFileType = sourcecode.swift; path = Utils.swift; sourceTree = "<group>"; };
		29C564A52757D7410021A7BD /* PsiphonConfig.swift */ = {isa = PBXFileReference; lastKnownFileType = sourcecode.swift; path = PsiphonConfig.swift; sourceTree = "<group>"; };
		29C564A82757D7F60021A7BD /* Requests.swift */ = {isa = PBXFileReference; lastKnownFileType = sourcecode.swift; path = Requests.swift; sourceTree = "<group>"; };
		29C564AE2757EC200021A7BD /* PsiphonNotificationExtension.entitlements */ = {isa = PBXFileReference; lastKnownFileType = text.plist.entitlements; path = PsiphonNotificationExtension.entitlements; sourceTree = "<group>"; };
		29C625D627553EC5000DF7C3 /* TunneledNotificationExtensionWebRequest.app */ = {isa = PBXFileReference; explicitFileType = wrapper.application; includeInIndex = 0; path = TunneledNotificationExtensionWebRequest.app; sourceTree = BUILT_PRODUCTS_DIR; };
		29C625D927553EC5000DF7C3 /* AppDelegate.swift */ = {isa = PBXFileReference; lastKnownFileType = sourcecode.swift; path = AppDelegate.swift; sourceTree = "<group>"; };
		29C625DB27553EC5000DF7C3 /* SceneDelegate.swift */ = {isa = PBXFileReference; lastKnownFileType = sourcecode.swift; path = SceneDelegate.swift; sourceTree = "<group>"; };
		29C625DD27553EC5000DF7C3 /* ViewController.swift */ = {isa = PBXFileReference; lastKnownFileType = sourcecode.swift; path = ViewController.swift; sourceTree = "<group>"; };
		29C625E027553EC5000DF7C3 /* Base */ = {isa = PBXFileReference; lastKnownFileType = file.storyboard; name = Base; path = Base.lproj/Main.storyboard; sourceTree = "<group>"; };
		29C625E227553EC6000DF7C3 /* Assets.xcassets */ = {isa = PBXFileReference; lastKnownFileType = folder.assetcatalog; path = Assets.xcassets; sourceTree = "<group>"; };
		29C625E527553EC6000DF7C3 /* Base */ = {isa = PBXFileReference; lastKnownFileType = file.storyboard; name = Base; path = Base.lproj/LaunchScreen.storyboard; sourceTree = "<group>"; };
		29C625E727553EC6000DF7C3 /* Info.plist */ = {isa = PBXFileReference; lastKnownFileType = text.plist.xml; path = Info.plist; sourceTree = "<group>"; };
		29C625ED27553F3B000DF7C3 /* TunneledNotificationExtensionWebRequest.entitlements */ = {isa = PBXFileReference; lastKnownFileType = text.plist.entitlements; path = TunneledNotificationExtensionWebRequest.entitlements; sourceTree = "<group>"; };
/* End PBXFileReference section */

/* Begin PBXFrameworksBuildPhase section */
		29AA36A5275571E0000647A0 /* Frameworks */ = {
			isa = PBXFrameworksBuildPhase;
			buildActionMask = 2147483647;
			files = (
				29AA36B727557702000647A0 /* PsiphonTunnel.xcframework in Frameworks */,
			);
			runOnlyForDeploymentPostprocessing = 0;
		};
		29C625D327553EC5000DF7C3 /* Frameworks */ = {
			isa = PBXFrameworksBuildPhase;
			buildActionMask = 2147483647;
			files = (
				29C564AB2757DFEB0021A7BD /* PsiphonTunnel.xcframework in Frameworks */,
			);
			runOnlyForDeploymentPostprocessing = 0;
		};
/* End PBXFrameworksBuildPhase section */

/* Begin PBXGroup section */
		0CACB63A0115B6463B8BFB80 /* Frameworks */ = {
			isa = PBXGroup;
			children = (
				29AA369D2755670A000647A0 /* PsiphonTunnel.xcframework */,
			);
			name = Frameworks;
			sourceTree = "<group>";
		};
		29AA36A9275571E0000647A0 /* PsiphonNotificationExtension */ = {
			isa = PBXGroup;
			children = (
				29C564AE2757EC200021A7BD /* PsiphonNotificationExtension.entitlements */,
				29AA36AA275571E0000647A0 /* NotificationService.swift */,
				29AA36AC275571E0000647A0 /* Info.plist */,
				29AA36BA27557770000647A0 /* PsiphonNotificationExtension-Bridging-Header.h */,
			);
			path = PsiphonNotificationExtension;
			sourceTree = "<group>";
		};
		29C5649F2757CF530021A7BD /* Shared */ = {
			isa = PBXGroup;
			children = (
				29AA36B427557481000647A0 /* psiphon-config.json */,
				29AA36B327557481000647A0 /* psiphon-embedded-server-entries.txt */,
				29C564A02757CF5F0021A7BD /* Utils.swift */,
				29C564A52757D7410021A7BD /* PsiphonConfig.swift */,
				29C564A82757D7F60021A7BD /* Requests.swift */,
			);
			path = Shared;
			sourceTree = "<group>";
		};
		29C625CD27553EC5000DF7C3 = {
			isa = PBXGroup;
			children = (
				29C5649F2757CF530021A7BD /* Shared */,
				29C625D827553EC5000DF7C3 /* TunneledNotificationExtensionWebRequest */,
				29AA36A9275571E0000647A0 /* PsiphonNotificationExtension */,
				29C625D727553EC5000DF7C3 /* Products */,
				0CACB63A0115B6463B8BFB80 /* Frameworks */,
			);
			sourceTree = "<group>";
		};
		29C625D727553EC5000DF7C3 /* Products */ = {
			isa = PBXGroup;
			children = (
				29C625D627553EC5000DF7C3 /* TunneledNotificationExtensionWebRequest.app */,
				29AA36A8275571E0000647A0 /* PsiphonNotificationExtension.appex */,
			);
			name = Products;
			sourceTree = "<group>";
		};
		29C625D827553EC5000DF7C3 /* TunneledNotificationExtensionWebRequest */ = {
			isa = PBXGroup;
			children = (
				29C625ED27553F3B000DF7C3 /* TunneledNotificationExtensionWebRequest.entitlements */,
				29C625D927553EC5000DF7C3 /* AppDelegate.swift */,
				29C625DB27553EC5000DF7C3 /* SceneDelegate.swift */,
				29C625DD27553EC5000DF7C3 /* ViewController.swift */,
				29C625DF27553EC5000DF7C3 /* Main.storyboard */,
				29C625E227553EC6000DF7C3 /* Assets.xcassets */,
				29C625E427553EC6000DF7C3 /* LaunchScreen.storyboard */,
				29C625E727553EC6000DF7C3 /* Info.plist */,
			);
			path = TunneledNotificationExtensionWebRequest;
			sourceTree = "<group>";
		};
/* End PBXGroup section */

/* Begin PBXNativeTarget section */
		29AA36A7275571E0000647A0 /* PsiphonNotificationExtension */ = {
			isa = PBXNativeTarget;
			buildConfigurationList = 29AA36B0275571E0000647A0 /* Build configuration list for PBXNativeTarget "PsiphonNotificationExtension" */;
			buildPhases = (
				29AA36A4275571E0000647A0 /* Sources */,
				29AA36A5275571E0000647A0 /* Frameworks */,
				29AA36A6275571E0000647A0 /* Resources */,
			);
			buildRules = (
			);
			dependencies = (
			);
			name = PsiphonNotificationExtension;
			productName = PsiphonNotificationExtension;
			productReference = 29AA36A8275571E0000647A0 /* PsiphonNotificationExtension.appex */;
			productType = "com.apple.product-type.app-extension";
		};
		29C625D527553EC5000DF7C3 /* TunneledNotificationExtensionWebRequest */ = {
			isa = PBXNativeTarget;
			buildConfigurationList = 29C625EA27553EC6000DF7C3 /* Build configuration list for PBXNativeTarget "TunneledNotificationExtensionWebRequest" */;
			buildPhases = (
				29C625D227553EC5000DF7C3 /* Sources */,
				29C625D327553EC5000DF7C3 /* Frameworks */,
				29C625D427553EC5000DF7C3 /* Resources */,
				29C625FD275540BE000DF7C3 /* Embed App Extensions */,
				29C564AD2757DFEB0021A7BD /* Embed Frameworks */,
			);
			buildRules = (
			);
			dependencies = (
				29AA36AE275571E0000647A0 /* PBXTargetDependency */,
			);
			name = TunneledNotificationExtensionWebRequest;
			productName = TunneledNotificationExtensionWebRequest;
			productReference = 29C625D627553EC5000DF7C3 /* TunneledNotificationExtensionWebRequest.app */;
			productType = "com.apple.product-type.application";
		};
/* End PBXNativeTarget section */

/* Begin PBXProject section */
		29C625CE27553EC5000DF7C3 /* Project object */ = {
			isa = PBXProject;
			attributes = {
				BuildIndependentTargetsInParallel = 1;
				LastSwiftUpdateCheck = 1310;
				LastUpgradeCheck = 1310;
				TargetAttributes = {
					29AA36A7275571E0000647A0 = {
						CreatedOnToolsVersion = 13.1;
					};
					29C625D527553EC5000DF7C3 = {
						CreatedOnToolsVersion = 13.1;
					};
				};
			};
			buildConfigurationList = 29C625D127553EC5000DF7C3 /* Build configuration list for PBXProject "TunneledNotificationExtensionWebRequest" */;
			compatibilityVersion = "Xcode 13.0";
			developmentRegion = en;
			hasScannedForEncodings = 0;
			knownRegions = (
				en,
				Base,
			);
			mainGroup = 29C625CD27553EC5000DF7C3;
			productRefGroup = 29C625D727553EC5000DF7C3 /* Products */;
			projectDirPath = "";
			projectRoot = "";
			targets = (
				29C625D527553EC5000DF7C3 /* TunneledNotificationExtensionWebRequest */,
				29AA36A7275571E0000647A0 /* PsiphonNotificationExtension */,
			);
		};
/* End PBXProject section */

/* Begin PBXResourcesBuildPhase section */
		29AA36A6275571E0000647A0 /* Resources */ = {
			isa = PBXResourcesBuildPhase;
			buildActionMask = 2147483647;
			files = (
				29AA36B527557482000647A0 /* psiphon-embedded-server-entries.txt in Resources */,
				29AA36B627557482000647A0 /* psiphon-config.json in Resources */,
			);
			runOnlyForDeploymentPostprocessing = 0;
		};
		29C625D427553EC5000DF7C3 /* Resources */ = {
			isa = PBXResourcesBuildPhase;
			buildActionMask = 2147483647;
			files = (
				29C625E627553EC6000DF7C3 /* LaunchScreen.storyboard in Resources */,
				29C625E327553EC6000DF7C3 /* Assets.xcassets in Resources */,
				29C564A42757D1790021A7BD /* psiphon-embedded-server-entries.txt in Resources */,
				29C625E127553EC5000DF7C3 /* Main.storyboard in Resources */,
				29C564A32757D1770021A7BD /* psiphon-config.json in Resources */,
			);
			runOnlyForDeploymentPostprocessing = 0;
		};
/* End PBXResourcesBuildPhase section */

/* Begin PBXSourcesBuildPhase section */
		29AA36A4275571E0000647A0 /* Sources */ = {
			isa = PBXSourcesBuildPhase;
			buildActionMask = 2147483647;
			files = (
				29AA36AB275571E0000647A0 /* NotificationService.swift in Sources */,
				29C564AA2757D7F60021A7BD /* Requests.swift in Sources */,
				29C564A72757D7410021A7BD /* PsiphonConfig.swift in Sources */,
				29C564A22757CF5F0021A7BD /* Utils.swift in Sources */,
			);
			runOnlyForDeploymentPostprocessing = 0;
		};
		29C625D227553EC5000DF7C3 /* Sources */ = {
			isa = PBXSourcesBuildPhase;
			buildActionMask = 2147483647;
			files = (
				29C625DE27553EC5000DF7C3 /* ViewController.swift in Sources */,
				29C625DA27553EC5000DF7C3 /* AppDelegate.swift in Sources */,
				29C564A62757D7410021A7BD /* PsiphonConfig.swift in Sources */,
				29C564A92757D7F60021A7BD /* Requests.swift in Sources */,
				29C625DC27553EC5000DF7C3 /* SceneDelegate.swift in Sources */,
				29C564A12757CF5F0021A7BD /* Utils.swift in Sources */,
			);
			runOnlyForDeploymentPostprocessing = 0;
		};
/* End PBXSourcesBuildPhase section */

/* Begin PBXTargetDependency section */
		29AA36AE275571E0000647A0 /* PBXTargetDependency */ = {
			isa = PBXTargetDependency;
			target = 29AA36A7275571E0000647A0 /* PsiphonNotificationExtension */;
			targetProxy = 29AA36AD275571E0000647A0 /* PBXContainerItemProxy */;
		};
/* End PBXTargetDependency section */

/* Begin PBXVariantGroup section */
		29C625DF27553EC5000DF7C3 /* Main.storyboard */ = {
			isa = PBXVariantGroup;
			children = (
				29C625E027553EC5000DF7C3 /* Base */,
			);
			name = Main.storyboard;
			sourceTree = "<group>";
		};
		29C625E427553EC6000DF7C3 /* LaunchScreen.storyboard */ = {
			isa = PBXVariantGroup;
			children = (
				29C625E527553EC6000DF7C3 /* Base */,
			);
			name = LaunchScreen.storyboard;
			sourceTree = "<group>";
		};
/* End PBXVariantGroup section */

/* Begin XCBuildConfiguration section */
		29AA36B1275571E0000647A0 /* Debug */ = {
			isa = XCBuildConfiguration;
			buildSettings = {
				CODE_SIGN_ENTITLEMENTS = PsiphonNotificationExtension/PsiphonNotificationExtension.entitlements;
				CODE_SIGN_STYLE = Automatic;
				CURRENT_PROJECT_VERSION = 1;
				DEVELOPMENT_TEAM = Q6HLNEX92A;
				ENABLE_BITCODE = NO;
				GENERATE_INFOPLIST_FILE = YES;
				INFOPLIST_FILE = PsiphonNotificationExtension/Info.plist;
				INFOPLIST_KEY_CFBundleDisplayName = PsiphonNotificationExtension;
				INFOPLIST_KEY_NSHumanReadableCopyright = "";
				IPHONEOS_DEPLOYMENT_TARGET = 13.0;
				LD_RUNPATH_SEARCH_PATHS = (
					"$(inherited)",
					"@executable_path/Frameworks",
					"@executable_path/../../Frameworks",
				);
				MARKETING_VERSION = 1.0;
				PRODUCT_BUNDLE_IDENTIFIER = com.psiphon3.ios.TunneledNotificationExtensionWebRequest.PsiphonNotificationExtension;
				PRODUCT_NAME = "$(TARGET_NAME)";
				SKIP_INSTALL = YES;
				SWIFT_EMIT_LOC_STRINGS = YES;
				SWIFT_OBJC_BRIDGING_HEADER = "PsiphonNotificationExtension/PsiphonNotificationExtension-Bridging-Header.h";
				SWIFT_VERSION = 5.0;
				TARGETED_DEVICE_FAMILY = "1,2";
			};
			name = Debug;
		};
		29AA36B2275571E0000647A0 /* Release */ = {
			isa = XCBuildConfiguration;
			buildSettings = {
				CODE_SIGN_ENTITLEMENTS = PsiphonNotificationExtension/PsiphonNotificationExtension.entitlements;
				CODE_SIGN_STYLE = Automatic;
				CURRENT_PROJECT_VERSION = 1;
				DEVELOPMENT_TEAM = Q6HLNEX92A;
				ENABLE_BITCODE = NO;
				GENERATE_INFOPLIST_FILE = YES;
				INFOPLIST_FILE = PsiphonNotificationExtension/Info.plist;
				INFOPLIST_KEY_CFBundleDisplayName = PsiphonNotificationExtension;
				INFOPLIST_KEY_NSHumanReadableCopyright = "";
				IPHONEOS_DEPLOYMENT_TARGET = 13.0;
				LD_RUNPATH_SEARCH_PATHS = (
					"$(inherited)",
					"@executable_path/Frameworks",
					"@executable_path/../../Frameworks",
				);
				MARKETING_VERSION = 1.0;
				PRODUCT_BUNDLE_IDENTIFIER = com.psiphon3.ios.TunneledNotificationExtensionWebRequest.PsiphonNotificationExtension;
				PRODUCT_NAME = "$(TARGET_NAME)";
				SKIP_INSTALL = YES;
				SWIFT_EMIT_LOC_STRINGS = YES;
				SWIFT_OBJC_BRIDGING_HEADER = "PsiphonNotificationExtension/PsiphonNotificationExtension-Bridging-Header.h";
				SWIFT_VERSION = 5.0;
				TARGETED_DEVICE_FAMILY = "1,2";
			};
			name = Release;
		};
		29C625E827553EC6000DF7C3 /* Debug */ = {
			isa = XCBuildConfiguration;
			buildSettings = {
				ALWAYS_SEARCH_USER_PATHS = NO;
				CLANG_ANALYZER_NONNULL = YES;
				CLANG_ANALYZER_NUMBER_OBJECT_CONVERSION = YES_AGGRESSIVE;
				CLANG_CXX_LANGUAGE_STANDARD = "gnu++17";
				CLANG_CXX_LIBRARY = "libc++";
				CLANG_ENABLE_MODULES = YES;
				CLANG_ENABLE_OBJC_ARC = YES;
				CLANG_ENABLE_OBJC_WEAK = YES;
				CLANG_WARN_BLOCK_CAPTURE_AUTORELEASING = YES;
				CLANG_WARN_BOOL_CONVERSION = YES;
				CLANG_WARN_COMMA = YES;
				CLANG_WARN_CONSTANT_CONVERSION = YES;
				CLANG_WARN_DEPRECATED_OBJC_IMPLEMENTATIONS = YES;
				CLANG_WARN_DIRECT_OBJC_ISA_USAGE = YES_ERROR;
				CLANG_WARN_DOCUMENTATION_COMMENTS = YES;
				CLANG_WARN_EMPTY_BODY = YES;
				CLANG_WARN_ENUM_CONVERSION = YES;
				CLANG_WARN_INFINITE_RECURSION = YES;
				CLANG_WARN_INT_CONVERSION = YES;
				CLANG_WARN_NON_LITERAL_NULL_CONVERSION = YES;
				CLANG_WARN_OBJC_IMPLICIT_RETAIN_SELF = YES;
				CLANG_WARN_OBJC_LITERAL_CONVERSION = YES;
				CLANG_WARN_OBJC_ROOT_CLASS = YES_ERROR;
				CLANG_WARN_QUOTED_INCLUDE_IN_FRAMEWORK_HEADER = YES;
				CLANG_WARN_RANGE_LOOP_ANALYSIS = YES;
				CLANG_WARN_STRICT_PROTOTYPES = YES;
				CLANG_WARN_SUSPICIOUS_MOVE = YES;
				CLANG_WARN_UNGUARDED_AVAILABILITY = YES_AGGRESSIVE;
				CLANG_WARN_UNREACHABLE_CODE = YES;
				CLANG_WARN__DUPLICATE_METHOD_MATCH = YES;
				COPY_PHASE_STRIP = NO;
				DEBUG_INFORMATION_FORMAT = dwarf;
				ENABLE_STRICT_OBJC_MSGSEND = YES;
				ENABLE_TESTABILITY = YES;
				GCC_C_LANGUAGE_STANDARD = gnu11;
				GCC_DYNAMIC_NO_PIC = NO;
				GCC_NO_COMMON_BLOCKS = YES;
				GCC_OPTIMIZATION_LEVEL = 0;
				GCC_PREPROCESSOR_DEFINITIONS = (
					"DEBUG=1",
					"$(inherited)",
				);
				GCC_WARN_64_TO_32_BIT_CONVERSION = YES;
				GCC_WARN_ABOUT_RETURN_TYPE = YES_ERROR;
				GCC_WARN_UNDECLARED_SELECTOR = YES;
				GCC_WARN_UNINITIALIZED_AUTOS = YES_AGGRESSIVE;
				GCC_WARN_UNUSED_FUNCTION = YES;
				GCC_WARN_UNUSED_VARIABLE = YES;
				IPHONEOS_DEPLOYMENT_TARGET = 13.0;
				MTL_ENABLE_DEBUG_INFO = INCLUDE_SOURCE;
				MTL_FAST_MATH = YES;
				ONLY_ACTIVE_ARCH = YES;
				SDKROOT = iphoneos;
				SWIFT_ACTIVE_COMPILATION_CONDITIONS = DEBUG;
				SWIFT_OPTIMIZATION_LEVEL = "-Onone";
			};
			name = Debug;
		};
		29C625E927553EC6000DF7C3 /* Release */ = {
			isa = XCBuildConfiguration;
			buildSettings = {
				ALWAYS_SEARCH_USER_PATHS = NO;
				CLANG_ANALYZER_NONNULL = YES;
				CLANG_ANALYZER_NUMBER_OBJECT_CONVERSION = YES_AGGRESSIVE;
				CLANG_CXX_LANGUAGE_STANDARD = "gnu++17";
				CLANG_CXX_LIBRARY = "libc++";
				CLANG_ENABLE_MODULES = YES;
				CLANG_ENABLE_OBJC_ARC = YES;
				CLANG_ENABLE_OBJC_WEAK = YES;
				CLANG_WARN_BLOCK_CAPTURE_AUTORELEASING = YES;
				CLANG_WARN_BOOL_CONVERSION = YES;
				CLANG_WARN_COMMA = YES;
				CLANG_WARN_CONSTANT_CONVERSION = YES;
				CLANG_WARN_DEPRECATED_OBJC_IMPLEMENTATIONS = YES;
				CLANG_WARN_DIRECT_OBJC_ISA_USAGE = YES_ERROR;
				CLANG_WARN_DOCUMENTATION_COMMENTS = YES;
				CLANG_WARN_EMPTY_BODY = YES;
				CLANG_WARN_ENUM_CONVERSION = YES;
				CLANG_WARN_INFINITE_RECURSION = YES;
				CLANG_WARN_INT_CONVERSION = YES;
				CLANG_WARN_NON_LITERAL_NULL_CONVERSION = YES;
				CLANG_WARN_OBJC_IMPLICIT_RETAIN_SELF = YES;
				CLANG_WARN_OBJC_LITERAL_CONVERSION = YES;
				CLANG_WARN_OBJC_ROOT_CLASS = YES_ERROR;
				CLANG_WARN_QUOTED_INCLUDE_IN_FRAMEWORK_HEADER = YES;
				CLANG_WARN_RANGE_LOOP_ANALYSIS = YES;
				CLANG_WARN_STRICT_PROTOTYPES = YES;
				CLANG_WARN_SUSPICIOUS_MOVE = YES;
				CLANG_WARN_UNGUARDED_AVAILABILITY = YES_AGGRESSIVE;
				CLANG_WARN_UNREACHABLE_CODE = YES;
				CLANG_WARN__DUPLICATE_METHOD_MATCH = YES;
				COPY_PHASE_STRIP = NO;
				DEBUG_INFORMATION_FORMAT = "dwarf-with-dsym";
				ENABLE_NS_ASSERTIONS = NO;
				ENABLE_STRICT_OBJC_MSGSEND = YES;
				GCC_C_LANGUAGE_STANDARD = gnu11;
				GCC_NO_COMMON_BLOCKS = YES;
				GCC_WARN_64_TO_32_BIT_CONVERSION = YES;
				GCC_WARN_ABOUT_RETURN_TYPE = YES_ERROR;
				GCC_WARN_UNDECLARED_SELECTOR = YES;
				GCC_WARN_UNINITIALIZED_AUTOS = YES_AGGRESSIVE;
				GCC_WARN_UNUSED_FUNCTION = YES;
				GCC_WARN_UNUSED_VARIABLE = YES;
				IPHONEOS_DEPLOYMENT_TARGET = 13.0;
				MTL_ENABLE_DEBUG_INFO = NO;
				MTL_FAST_MATH = YES;
				SDKROOT = iphoneos;
				SWIFT_COMPILATION_MODE = wholemodule;
				SWIFT_OPTIMIZATION_LEVEL = "-O";
				VALIDATE_PRODUCT = YES;
			};
			name = Release;
		};
		29C625EB27553EC6000DF7C3 /* Debug */ = {
			isa = XCBuildConfiguration;
			buildSettings = {
				ALWAYS_EMBED_SWIFT_STANDARD_LIBRARIES = YES;
				ASSETCATALOG_COMPILER_APPICON_NAME = AppIcon;
				ASSETCATALOG_COMPILER_GLOBAL_ACCENT_COLOR_NAME = AccentColor;
				CODE_SIGN_ENTITLEMENTS = TunneledNotificationExtensionWebRequest/TunneledNotificationExtensionWebRequest.entitlements;
				CODE_SIGN_STYLE = Automatic;
				CURRENT_PROJECT_VERSION = 1;
				DEVELOPMENT_TEAM = Q6HLNEX92A;
				ENABLE_BITCODE = NO;
				GENERATE_INFOPLIST_FILE = YES;
				INFOPLIST_FILE = TunneledNotificationExtensionWebRequest/Info.plist;
				INFOPLIST_KEY_UIApplicationSupportsIndirectInputEvents = YES;
				INFOPLIST_KEY_UILaunchStoryboardName = LaunchScreen;
				INFOPLIST_KEY_UIMainStoryboardFile = Main;
				INFOPLIST_KEY_UISupportedInterfaceOrientations_iPad = "UIInterfaceOrientationPortrait UIInterfaceOrientationPortraitUpsideDown UIInterfaceOrientationLandscapeLeft UIInterfaceOrientationLandscapeRight";
				INFOPLIST_KEY_UISupportedInterfaceOrientations_iPhone = "UIInterfaceOrientationPortrait UIInterfaceOrientationLandscapeLeft UIInterfaceOrientationLandscapeRight";
				LD_RUNPATH_SEARCH_PATHS = (
					"$(inherited)",
					"@executable_path/Frameworks",
				);
				MARKETING_VERSION = 1.0;
				PRODUCT_BUNDLE_IDENTIFIER = com.psiphon3.ios.TunneledNotificationExtensionWebRequest;
				PRODUCT_NAME = "$(TARGET_NAME)";
				SWIFT_EMIT_LOC_STRINGS = YES;
				SWIFT_VERSION = 5.0;
				TARGETED_DEVICE_FAMILY = "1,2";
			};
			name = Debug;
		};
		29C625EC27553EC6000DF7C3 /* Release */ = {
			isa = XCBuildConfiguration;
			buildSettings = {
				ALWAYS_EMBED_SWIFT_STANDARD_LIBRARIES = YES;
				ASSETCATALOG_COMPILER_APPICON_NAME = AppIcon;
				ASSETCATALOG_COMPILER_GLOBAL_ACCENT_COLOR_NAME = AccentColor;
				CODE_SIGN_ENTITLEMENTS = TunneledNotificationExtensionWebRequest/TunneledNotificationExtensionWebRequest.entitlements;
				CODE_SIGN_STYLE = Automatic;
				CURRENT_PROJECT_VERSION = 1;
				DEVELOPMENT_TEAM = Q6HLNEX92A;
				ENABLE_BITCODE = NO;
				GENERATE_INFOPLIST_FILE = YES;
				INFOPLIST_FILE = TunneledNotificationExtensionWebRequest/Info.plist;
				INFOPLIST_KEY_UIApplicationSupportsIndirectInputEvents = YES;
				INFOPLIST_KEY_UILaunchStoryboardName = LaunchScreen;
				INFOPLIST_KEY_UIMainStoryboardFile = Main;
				INFOPLIST_KEY_UISupportedInterfaceOrientations_iPad = "UIInterfaceOrientationPortrait UIInterfaceOrientationPortraitUpsideDown UIInterfaceOrientationLandscapeLeft UIInterfaceOrientationLandscapeRight";
				INFOPLIST_KEY_UISupportedInterfaceOrientations_iPhone = "UIInterfaceOrientationPortrait UIInterfaceOrientationLandscapeLeft UIInterfaceOrientationLandscapeRight";
				LD_RUNPATH_SEARCH_PATHS = (
					"$(inherited)",
					"@executable_path/Frameworks",
				);
				MARKETING_VERSION = 1.0;
				PRODUCT_BUNDLE_IDENTIFIER = com.psiphon3.ios.TunneledNotificationExtensionWebRequest;
				PRODUCT_NAME = "$(TARGET_NAME)";
				SWIFT_EMIT_LOC_STRINGS = YES;
				SWIFT_VERSION = 5.0;
				TARGETED_DEVICE_FAMILY = "1,2";
			};
			name = Release;
		};
/* End XCBuildConfiguration section */

/* Begin XCConfigurationList section */
		29AA36B0275571E0000647A0 /* Build configuration list for PBXNativeTarget "PsiphonNotificationExtension" */ = {
			isa = XCConfigurationList;
			buildConfigurations = (
				29AA36B1275571E0000647A0 /* Debug */,
				29AA36B2275571E0000647A0 /* Release */,
			);
			defaultConfigurationIsVisible = 0;
			defaultConfigurationName = Release;
		};
		29C625D127553EC5000DF7C3 /* Build configuration list for PBXProject "TunneledNotificationExtensionWebRequest" */ = {
			isa = XCConfigurationList;
			buildConfigurations = (
				29C625E827553EC6000DF7C3 /* Debug */,
				29C625E927553EC6000DF7C3 /* Release */,
			);
			defaultConfigurationIsVisible = 0;
			defaultConfigurationName = Release;
		};
		29C625EA27553EC6000DF7C3 /* Build configuration list for PBXNativeTarget "TunneledNotificationExtensionWebRequest" */ = {
			isa = XCConfigurationList;
			buildConfigurations = (
				29C625EB27553EC6000DF7C3 /* Debug */,
				29C625EC27553EC6000DF7C3 /* Release */,
			);
			defaultConfigurationIsVisible = 0;
			defaultConfigurationName = Release;
		};
/* End XCConfigurationList section */
	};
	rootObject = 29C625CE27553EC5000DF7C3 /* Project object */;
}
